PODS:
  - connectivity (0.0.1):
    - Flutter
    - Reachability
  - DKImagePickerController/Core (4.2.2):
    - DKImagePickerController/ImageDataManager
    - DKImagePickerController/Resource
  - DKImagePickerController/ImageDataManager (4.2.2)
  - DKImagePickerController/PhotoGallery (4.2.2):
    - DKImagePickerController/Core
    - DKPhotoGallery
  - DKImagePickerController/Resource (4.2.2)
  - DKPhotoGallery (0.0.14):
    - DKPhotoGallery/Core (= 0.0.14)
    - DKPhotoGallery/Model (= 0.0.14)
    - DKPhotoGallery/Preview (= 0.0.14)
    - DKPhotoGallery/Resource (= 0.0.14)
    - SDWebImage
    - SDWebImageFLPlugin
  - DKPhotoGallery/Core (0.0.14):
    - DKPhotoGallery/Model
    - DKPhotoGallery/Preview
    - SDWebImage
    - SDWebImageFLPlugin
  - DKPhotoGallery/Model (0.0.14):
    - SDWebImage
    - SDWebImageFLPlugin
  - DKPhotoGallery/Preview (0.0.14):
    - DKPhotoGallery/Model
    - DKPhotoGallery/Resource
    - SDWebImage
    - SDWebImageFLPlugin
  - DKPhotoGallery/Resource (0.0.14):
    - SDWebImage
    - SDWebImageFLPlugin
  - file_picker (0.0.1):
    - DKImagePickerController/PhotoGallery
    - Flutter
  - FLAnimatedImage (1.0.12)
  - Flutter (1.0.0)
  - flutter_downloader (0.0.1):
    - Flutter
  - fluwx (0.0.1):
    - Flutter
    - WechatOpenSDK (= 1.8.7.1)
  - gallery_saver (0.0.1):
    - Flutter
  - local_auth (0.0.1):
    - Flutter
  - open_file (0.0.1):
    - Flutter
  - package_info (0.0.1):
    - Flutter
  - path_provider (0.0.1):
    - Flutter
  - "permission_handler (5.1.0+2)":
    - Flutter
  - photo_manager (0.0.1):
    - Flutter
    - FlutterMacOS
  - Reachability (3.2)
  - receive_sharing_intent (0.0.1):
    - Flutter
  - SDWebImage (5.9.5):
    - SDWebImage/Core (= 5.9.5)
  - SDWebImage/Core (5.9.5)
  - SDWebImageFLPlugin (0.4.0):
    - FLAnimatedImage (>= 1.0.11)
    - SDWebImage/Core (~> 5.6)
  - shared_preferences (0.0.1):
    - Flutter
  - syncfusion_flutter_pdfviewer (0.0.1):
    - Flutter
  - umeng_analytics_plugin (0.0.1):
    - Flutter
    - UMengAnalytics-NO-IDFA
  - UMengAnalytics-NO-IDFA (4.2.5)
  - url_launcher (0.0.1):
    - Flutter
  - vibrate (0.0.1):
    - Flutter
  - video_player (0.0.1):
    - Flutter
  - wakelock (0.0.1):
    - Flutter
  - webview_flutter (0.0.1):
    - Flutter
  - WechatOpenSDK (1.8.7.1)

DEPENDENCIES:
  - connectivity (from `.symlinks/plugins/connectivity/ios`)
  - file_picker (from `.symlinks/plugins/file_picker/ios`)
  - Flutter (from `Flutter`)
  - flutter_downloader (from `.symlinks/plugins/flutter_downloader/ios`)
  - fluwx (from `.symlinks/plugins/fluwx/ios`)
  - gallery_saver (from `.symlinks/plugins/gallery_saver/ios`)
  - local_auth (from `.symlinks/plugins/local_auth/ios`)
  - open_file (from `.symlinks/plugins/open_file/ios`)
  - package_info (from `.symlinks/plugins/package_info/ios`)
  - path_provider (from `.symlinks/plugins/path_provider/ios`)
  - permission_handler (from `.symlinks/plugins/permission_handler/ios`)
  - photo_manager (from `.symlinks/plugins/photo_manager/ios`)
  - receive_sharing_intent (from `.symlinks/plugins/receive_sharing_intent/ios`)
  - shared_preferences (from `.symlinks/plugins/shared_preferences/ios`)
  - syncfusion_flutter_pdfviewer (from `.symlinks/plugins/syncfusion_flutter_pdfviewer/ios`)
  - umeng_analytics_plugin (from `.symlinks/plugins/umeng_analytics_plugin/ios`)
  - url_launcher (from `.symlinks/plugins/url_launcher/ios`)
  - vibrate (from `.symlinks/plugins/vibrate/ios`)
  - video_player (from `.symlinks/plugins/video_player/ios`)
  - wakelock (from `.symlinks/plugins/wakelock/ios`)
  - webview_flutter (from `.symlinks/plugins/webview_flutter/ios`)

SPEC REPOS:
  trunk:
    - DKImagePickerController
    - DKPhotoGallery
    - FLAnimatedImage
    - Reachability
    - SDWebImage
    - SDWebImageFLPlugin
    - UMengAnalytics-NO-IDFA
    - WechatOpenSDK

EXTERNAL SOURCES:
  connectivity:
    :path: ".symlinks/plugins/connectivity/ios"
  file_picker:
    :path: ".symlinks/plugins/file_picker/ios"
  Flutter:
    :path: Flutter
  flutter_downloader:
    :path: ".symlinks/plugins/flutter_downloader/ios"
  fluwx:
    :path: ".symlinks/plugins/fluwx/ios"
  gallery_saver:
    :path: ".symlinks/plugins/gallery_saver/ios"
  local_auth:
    :path: ".symlinks/plugins/local_auth/ios"
  open_file:
    :path: ".symlinks/plugins/open_file/ios"
  package_info:
    :path: ".symlinks/plugins/package_info/ios"
  path_provider:
    :path: ".symlinks/plugins/path_provider/ios"
  permission_handler:
    :path: ".symlinks/plugins/permission_handler/ios"
  photo_manager:
    :path: ".symlinks/plugins/photo_manager/ios"
  receive_sharing_intent:
    :path: ".symlinks/plugins/receive_sharing_intent/ios"
  shared_preferences:
    :path: ".symlinks/plugins/shared_preferences/ios"
  syncfusion_flutter_pdfviewer:
    :path: ".symlinks/plugins/syncfusion_flutter_pdfviewer/ios"
  umeng_analytics_plugin:
    :path: ".symlinks/plugins/umeng_analytics_plugin/ios"
  url_launcher:
    :path: ".symlinks/plugins/url_launcher/ios"
  vibrate:
    :path: ".symlinks/plugins/vibrate/ios"
  video_player:
    :path: ".symlinks/plugins/video_player/ios"
  wakelock:
    :path: ".symlinks/plugins/wakelock/ios"
  webview_flutter:
    :path: ".symlinks/plugins/webview_flutter/ios"

SPEC CHECKSUMS:
  connectivity: c4130b2985d4ef6fd26f9702e886bd5260681467
  DKImagePickerController: 4a3e7948a848c4348e600b3fe5ce41478835fa10
  DKPhotoGallery: 0290d32343574f06eaa4c26f8f2f8a1035e916be
  file_picker: 3e6c3790de664ccf9b882732d9db5eaf6b8d4eb1
  FLAnimatedImage: 4a0b56255d9b05f18b6dd7ee06871be5d3b89e31
  Flutter: 434fef37c0980e73bb6479ef766c45957d4b510c
  flutter_downloader: 058b9c41564a90500f67f3e432e3524613a7fd83
  fluwx: 07a55ed66bf3a4961e836a2a411b02dcada32902
  gallery_saver: 9fc173c9f4fcc48af53b2a9ebea1b643255be542
  local_auth: 25938960984c3a7f6e3253e3f8d962fdd16852bd
  open_file: 02eb5cb6b21264bd3a696876f5afbfb7ca4f4b7d
  package_info: 873975fc26034f0b863a300ad47e7f1ac6c7ec62
  path_provider: abfe2b5c733d04e238b0d8691db0cfd63a27a93c
  permission_handler: ccb20a9fad0ee9b1314a52b70b76b473c5f8dab0
  photo_manager: a8db3597a3b44e17ecb331fa099731c99b849496
  Reachability: 33e18b67625424e47b6cde6d202dce689ad7af96
  receive_sharing_intent: c0d87310754e74c0f9542947e7cbdf3a0335a3b1
  SDWebImage: 0b2ba0d56479bf6a45ecddbfd5558bea93150d25
  SDWebImageFLPlugin: 6c2295fb1242d44467c6c87dc5db6b0a13228fd8
  shared_preferences: af6bfa751691cdc24be3045c43ec037377ada40d
  syncfusion_flutter_pdfviewer: bb9998884b864cfedf72628df3503bdf57e397c0
  umeng_analytics_plugin: 7035dfb8c5636e50429ab935125e5a3f0d23e72e
  UMengAnalytics-NO-IDFA: 16666e32edce5be44ae5b14aaaa7f3582e09d6ab
  url_launcher: 6fef411d543ceb26efce54b05a0a40bfd74cbbef
  vibrate: 967ba16b8bd87d2fa3646472bb10429f1927c32f
  video_player: 9cc823b1d9da7e8427ee591e8438bfbcde500e6e
  wakelock: b0843b2479edbf6504d8d262c2959446f35373aa
  webview_flutter: d2b4d6c66968ad042ad94cbb791f5b72b4678a96
  WechatOpenSDK: 6a4d1436c15b3b5fe2a0bd383f3046010186da44

PODFILE CHECKSUM: efe41917cd5b5c2d33e17bba26bc04de9de54f55

COCOAPODS: 1.10.1
